# This file is automatically @generated by Cargo.
# It is not intended for manual editing.
version = 4

[[package]]
name = "android_channel"
version = "0.1.0"

[[package]]
name = "email_channel"
version = "0.1.0"

[[package]]
name = "ios_channel"
version = "0.1.0"

[[package]]
name = "linux_channel"
version = "0.1.0"

[[package]]
name = "macos_channel"
version = "0.1.0"

[[package]]
name = "notification_core"
version = "0.1.0"

[[package]]
name = "server"
version = "0.1.0"

[[package]]
name = "slack_channel"
version = "0.1.0"

[[package]]
name = "sms_channel"
version = "0.1.0"

[[package]]
name = "telegram_channel"
version = "0.1.0"

[[package]]
name = "web_channel"
version = "0.1.0"

[[package]]
name = "webhook_channel"
version = "0.1.0"

[[package]]
name = "whatsapp_channel"
version = "0.1.0"

[[package]]
name = "window_channel"
version = "0.1.0"
